{
  "name": "node-red-contrib-openzwave",
  "version": "1.2.4",
  "lockfileVersion": 1,
  "requires": true,
  "dependencies": {
    "eachr": {
      "version": "3.3.0",
      "resolved": "https://registry.npmjs.org/eachr/-/eachr-3.3.0.tgz",
      "integrity": "sha512-yKWuGwOE283CTgbEuvqXXusLH4VBXnY2nZbDkeWev+cpAXY6zCIADSPLdvfkAROc0t8S4l07U1fateCdEDuuvg==",
      "requires": {
        "editions": "^2.2.0",
        "typechecker": "^4.9.0"
      }
    },
    "editions": {
      "version": "2.3.0",
      "resolved": "https://registry.npmjs.org/editions/-/editions-2.3.0.tgz",
      "integrity": "sha512-jeXYwHPKbitU1l14dWlsl5Nm+b1Hsm7VX73BsrQ4RVwEcAQQIPFHTZAbVtuIGxZBrpdT2FXd8lbtrNBrzZxIsA==",
      "requires": {
        "errlop": "^2.0.0",
        "semver": "^6.3.0"
      }
    },
    "errlop": {
      "version": "2.0.0",
      "resolved": "https://registry.npmjs.org/errlop/-/errlop-2.0.0.tgz",
      "integrity": "sha512-z00WIrQhtOMUnjdTG0O4f6hMG64EVccVDBy2WwgjcF8S4UB1exGYuc2OFwmdQmsJwLQVEIHWHPCz/omXXgAZHw=="
    },
    "extract-opts": {
      "version": "3.4.0",
      "resolved": "https://registry.npmjs.org/extract-opts/-/extract-opts-3.4.0.tgz",
      "integrity": "sha512-M7Y+1cJDkzOWqvGH5F/V2qgkD6+uitW3NV9rQGl+pLSVuXZ4IDDQgxxMeLPKcWUyfypBWczIILiroSuhXG7Ytg==",
      "requires": {
        "eachr": "^3.2.0",
        "editions": "^2.2.0",
        "typechecker": "^4.9.0"
      }
    },
    "getmac": {
      "version": "2.0.0",
      "resolved": "https://registry.npmjs.org/getmac/-/getmac-2.0.0.tgz",
      "integrity": "sha512-/T/NdAC2obqcN+uchRjCrSQLbgELRDhakIJXt2h6Oqr/hwh8/S/er6PmztyE7Lk+Ki4sZVto5+uTV9Fm4zIAcA==",
      "requires": {
        "extract-opts": "^3.4.0"
      }
    },
    "nan": {
      "version": "2.14.0",
      "resolved": "https://registry.npmjs.org/nan/-/nan-2.14.0.tgz",
      "integrity": "sha512-INOFj37C7k3AfaNTtX8RhsTw7qRy7eLET14cROi9+5HAVbbHuIWUHEauBv5qT4Av2tWasiTY1Jw6puUNqRJXQg=="
    },
    "openzwave-shared": {
      "version": "1.4.6",
      "resolved": "https://registry.npmjs.org/openzwave-shared/-/openzwave-shared-1.4.6.tgz",
      "integrity": "sha512-l6RC6Hk6myiVfD7V+nHzmeRG7yPRyfTqaXYCpJmLFiwnkuYIcEEOmvzVDKObL19o11jCLAYaiXErFUN9aBfZVQ==",
      "requires": {
        "nan": ">=2.10.0"
      }
    },
    "semver": {
      "version": "6.3.0",
      "resolved": "https://registry.npmjs.org/semver/-/semver-6.3.0.tgz",
      "integrity": "sha512-b39TBaTSfV6yBrapU89p5fKekE2m/NwnDocOVruQFS1/veMgdzuPcnOM34M6CwxW8jH/lxEa5rBoDeUwu5HHTw=="
    },
    "typechecker": {
      "version": "4.11.0",
      "resolved": "https://registry.npmjs.org/typechecker/-/typechecker-4.11.0.tgz",
      "integrity": "sha512-lz39Mc/d1UBcF/uQFL5P8L+oWdIn/stvkUgHf0tPRW4aEwGGErewNXo2Nb6We2WslWifn00rhcHbbRWRcTGhuw==",
      "requires": {
        "editions": "^2.2.0"
      }
    }
  }
}
